
Microsoft Visual Studio Solution File, Format Version 12.00
# Visual Studio 15
VisualStudioVersion = 15.0.28307.136
MinimumVisualStudioVersion = 10.0.40219.1
Project("{FAE04EC0-301F-11D3-BF4B-00C04F79EFBC}") = "Sharpboard", "Sharpboard\Sharpboard.csproj", "{B6396476-9431-4A99-9083-08311E73CF8E}"
EndProject
Global
	GlobalSection(SolutionConfigurationPlatforms) = preSolution
		Debug|Any CPU = Debug|Any CPU
		Release|Any CPU = Release|Any CPU
	EndGlobalSection
	GlobalSection(ProjectConfigurationPlatforms) = postSolution
		{B6396476-9431-4A99-9083-08311E73CF8E}.Debug|Any CPU.ActiveCfg = Debug|Any CPU
		{B6396476-9431-4A99-9083-08311E73CF8E}.Debug|Any CPU.Build.0 = Debug|Any CPU
		{B6396476-9431-4A99-9083-08311E73CF8E}.Release|Any CPU.ActiveCfg = Release|Any CPU
		{B6396476-9431-4A99-9083-08311E73CF8E}.Release|Any CPU.Build.0 = Release|Any CPU
	EndGlobalSection
	GlobalSection(SolutionProperties) = preSolution
		HideSolutionNode = FALSE
	EndGlobalSection
	GlobalSection(ExtensibilityGlobals) = postSolution
		SolutionGuid = {23501338-470F-49B6-9613-628F6F0CAA61}
	EndGlobalSection
EndGlobal
